
Microsoft Visual Studio Solution File, Format Version 12.00
# Visual Studio Version 17
VisualStudioVersion = 17.5.33318.248
MinimumVisualStudioVersion = 10.0.40219.1
Project("{FAE04EC0-301F-11D3-BF4B-00C04F79EFBC}") = "AR_CMS", "AR_CMS.csproj", "{BE3B7191-E7DD-48C3-944D-F1B4B11DD8D9}"
EndProject
Global
	GlobalSection(SolutionConfigurationPlatforms) = preSolution
		Debug|Any CPU = Debug|Any CPU
		Release|Any CPU = Release|Any CPU
	EndGlobalSection
	GlobalSection(ProjectConfigurationPlatforms) = postSolution
		{BE3B7191-E7DD-48C3-944D-F1B4B11DD8D9}.Debug|Any CPU.ActiveCfg = Debug|Any CPU
		{BE3B7191-E7DD-48C3-944D-F1B4B11DD8D9}.Debug|Any CPU.Build.0 = Debug|Any CPU
		{BE3B7191-E7DD-48C3-944D-F1B4B11DD8D9}.Release|Any CPU.ActiveCfg = Release|Any CPU
		{BE3B7191-E7DD-48C3-944D-F1B4B11DD8D9}.Release|Any CPU.Build.0 = Release|Any CPU
	EndGlobalSection
	GlobalSection(SolutionProperties) = preSolution
		HideSolutionNode = FALSE
	EndGlobalSection
	GlobalSection(ExtensibilityGlobals) = postSolution
		SolutionGuid = {2F2893DE-98DD-42C6-92EA-300387F09EF8}
	EndGlobalSection
EndGlobal
